github.com/zzl/go-win32api v1.1.3 h1:ujM0fHOc3q00MLbwB32C9FDzyOECpmANmSm21jz03Co=
github.com/zzl/go-win32api v1.1.3/go.mod h1:iWVjU/KzuwzqGpgBZdQ6Z4JqFXeSPIzantVIkcyD4b4=
github.com/zzl/go-winmd v1.0.0 h1:IIujFBiy4r2lCPgskgR9GN6um2ZJ2835Bmq08ZjZk0A=
github.com/zzl/go-winmd v1.0.0/go.mod h1:8uV9Tkk5sxzeird6a8xS2stqbwZX6vama3xHI7v4Dgc=
golang.org/x/sys v0.0.0-20220330033206-e17cdc41300f h1:rlezHXNlxYWvBCzNses9Dlc7nGFaNMJeqLolcmQSSZY=
golang.org/x/sys v0.0.0-20220330033206-e17cdc41300f/go.mod h1:oPkhp1MJrh7nUepCBck5+mAzfO9JrbApNNgaTdGDITg=
